
Microsoft Visual Studio Solution File, Format Version 12.00
# Visual Studio Version 17
VisualStudioVersion = 17.5.002.0
MinimumVisualStudioVersion = 10.0.40219.1
Project("{9A19103F-16F7-4668-BE54-9A1E7A4F7556}") = "MonoGame_Files", "MonoGame_Files.csproj", "{F731E9A8-99B1-4B87-A14F-A1DA36FAADBB}"
EndProject
Global
	GlobalSection(SolutionConfigurationPlatforms) = preSolution
		Debug|Any CPU = Debug|Any CPU
		Release|Any CPU = Release|Any CPU
	EndGlobalSection
	GlobalSection(ProjectConfigurationPlatforms) = postSolution
		{F731E9A8-99B1-4B87-A14F-A1DA36FAADBB}.Debug|Any CPU.ActiveCfg = Debug|Any CPU
		{F731E9A8-99B1-4B87-A14F-A1DA36FAADBB}.Debug|Any CPU.Build.0 = Debug|Any CPU
		{F731E9A8-99B1-4B87-A14F-A1DA36FAADBB}.Release|Any CPU.ActiveCfg = Release|Any CPU
		{F731E9A8-99B1-4B87-A14F-A1DA36FAADBB}.Release|Any CPU.Build.0 = Release|Any CPU
	EndGlobalSection
	GlobalSection(SolutionProperties) = preSolution
		HideSolutionNode = FALSE
	EndGlobalSection
	GlobalSection(ExtensibilityGlobals) = postSolution
		SolutionGuid = {F809D29D-01F0-45E7-840E-AEC78A48BF7D}
	EndGlobalSection
EndGlobal
